
Microsoft Visual Studio Solution File, Format Version 12.00
# Visual Studio Version 16
VisualStudioVersion = 16.0.31911.196
MinimumVisualStudioVersion = 10.0.40219.1
Project("{9A19103F-16F7-4668-BE54-9A1E7A4F7556}") = "ARTech.Server", "ARTech\Server\ARTech.Server.csproj", "{FE3D8E58-7D8B-4131-8C34-474335542751}"
EndProject
Project("{9A19103F-16F7-4668-BE54-9A1E7A4F7556}") = "ARTech.Client", "ARTech\Client\ARTech.Client.csproj", "{C200A9CD-0808-4ABD-B99B-F844540376B4}"
EndProject
Project("{9A19103F-16F7-4668-BE54-9A1E7A4F7556}") = "ARTech.Shared", "ARTech\Shared\ARTech.Shared.csproj", "{6AED5B2E-F9E7-446B-B1F8-9A9958BE8EF9}"
EndProject
Global
	GlobalSection(SolutionConfigurationPlatforms) = preSolution
		Debug|Any CPU = Debug|Any CPU
		Release|Any CPU = Release|Any CPU
	EndGlobalSection
	GlobalSection(ProjectConfigurationPlatforms) = postSolution
		{FE3D8E58-7D8B-4131-8C34-474335542751}.Debug|Any CPU.ActiveCfg = Debug|Any CPU
		{FE3D8E58-7D8B-4131-8C34-474335542751}.Debug|Any CPU.Build.0 = Debug|Any CPU
		{FE3D8E58-7D8B-4131-8C34-474335542751}.Release|Any CPU.ActiveCfg = Release|Any CPU
		{FE3D8E58-7D8B-4131-8C34-474335542751}.Release|Any CPU.Build.0 = Release|Any CPU
		{C200A9CD-0808-4ABD-B99B-F844540376B4}.Debug|Any CPU.ActiveCfg = Debug|Any CPU
		{C200A9CD-0808-4ABD-B99B-F844540376B4}.Debug|Any CPU.Build.0 = Debug|Any CPU
		{C200A9CD-0808-4ABD-B99B-F844540376B4}.Release|Any CPU.ActiveCfg = Release|Any CPU
		{C200A9CD-0808-4ABD-B99B-F844540376B4}.Release|Any CPU.Build.0 = Release|Any CPU
		{6AED5B2E-F9E7-446B-B1F8-9A9958BE8EF9}.Debug|Any CPU.ActiveCfg = Debug|Any CPU
		{6AED5B2E-F9E7-446B-B1F8-9A9958BE8EF9}.Debug|Any CPU.Build.0 = Debug|Any CPU
		{6AED5B2E-F9E7-446B-B1F8-9A9958BE8EF9}.Release|Any CPU.ActiveCfg = Release|Any CPU
		{6AED5B2E-F9E7-446B-B1F8-9A9958BE8EF9}.Release|Any CPU.Build.0 = Release|Any CPU
	EndGlobalSection
	GlobalSection(SolutionProperties) = preSolution
		HideSolutionNode = FALSE
	EndGlobalSection
	GlobalSection(ExtensibilityGlobals) = postSolution
		SolutionGuid = {9703D737-2299-4088-99D1-7256353F1109}
	EndGlobalSection
EndGlobal
